
Microsoft Visual Studio Solution File, Format Version 12.00
# Visual Studio Version 16
VisualStudioVersion = 16.0.29306.81
MinimumVisualStudioVersion = 10.0.40219.1
Project("{FAE04EC0-301F-11D3-BF4B-00C04F79EFBC}") = "SellDoor", "SellDoor\SellDoor.csproj", "{6FA927BA-23C7-4426-8DCC-BC4E61D6F5DD}"
EndProject
Global
	GlobalSection(SolutionConfigurationPlatforms) = preSolution
		Debug|Any CPU = Debug|Any CPU
		Release|Any CPU = Release|Any CPU
	EndGlobalSection
	GlobalSection(ProjectConfigurationPlatforms) = postSolution
		{6FA927BA-23C7-4426-8DCC-BC4E61D6F5DD}.Debug|Any CPU.ActiveCfg = Debug|Any CPU
		{6FA927BA-23C7-4426-8DCC-BC4E61D6F5DD}.Debug|Any CPU.Build.0 = Debug|Any CPU
		{6FA927BA-23C7-4426-8DCC-BC4E61D6F5DD}.Release|Any CPU.ActiveCfg = Release|Any CPU
		{6FA927BA-23C7-4426-8DCC-BC4E61D6F5DD}.Release|Any CPU.Build.0 = Release|Any CPU
	EndGlobalSection
	GlobalSection(SolutionProperties) = preSolution
		HideSolutionNode = FALSE
	EndGlobalSection
	GlobalSection(ExtensibilityGlobals) = postSolution
		SolutionGuid = {86792367-BD17-43CE-A527-2BB1EBE79183}
	EndGlobalSection
EndGlobal
